
Microsoft Visual Studio Solution File, Format Version 12.00
# Visual Studio 14
VisualStudioVersion = 14.0.25420.1
MinimumVisualStudioVersion = 10.0.40219.1
Project("{2150E333-8FDC-42A3-9474-1A3956D46DE8}") = "src", "src", "{54E25441-AED2-4838-8B8E-362D6543EECD}"
EndProject
Project("{2150E333-8FDC-42A3-9474-1A3956D46DE8}") = "Solution Items", "Solution Items", "{DF6BACD3-C330-42C6-A6FC-9F2FE2695501}"
	ProjectSection(SolutionItems) = preProject
		global.json = global.json
	EndProjectSection
EndProject
Project("{8BB2217D-0F2D-49D1-97BC-3654ED321F3B}") = "Panda", "src\Panda\Panda.xproj", "{A9C04F7D-F9AE-442F-931B-1AE8F97D271D}"
EndProject
Project("{8BB2217D-0F2D-49D1-97BC-3654ED321F3B}") = "PandaAdmin", "src\PandaAdmin\PandaAdmin.xproj", "{C0140D6B-49BA-429A-B0EF-001F50CAB40B}"
EndProject
Global
	GlobalSection(SolutionConfigurationPlatforms) = preSolution
		Debug|Any CPU = Debug|Any CPU
		Release|Any CPU = Release|Any CPU
	EndGlobalSection
	GlobalSection(ProjectConfigurationPlatforms) = postSolution
		{A9C04F7D-F9AE-442F-931B-1AE8F97D271D}.Debug|Any CPU.ActiveCfg = Debug|Any CPU
		{A9C04F7D-F9AE-442F-931B-1AE8F97D271D}.Debug|Any CPU.Build.0 = Debug|Any CPU
		{A9C04F7D-F9AE-442F-931B-1AE8F97D271D}.Release|Any CPU.ActiveCfg = Release|Any CPU
		{A9C04F7D-F9AE-442F-931B-1AE8F97D271D}.Release|Any CPU.Build.0 = Release|Any CPU
		{C0140D6B-49BA-429A-B0EF-001F50CAB40B}.Debug|Any CPU.ActiveCfg = Debug|Any CPU
		{C0140D6B-49BA-429A-B0EF-001F50CAB40B}.Debug|Any CPU.Build.0 = Debug|Any CPU
		{C0140D6B-49BA-429A-B0EF-001F50CAB40B}.Release|Any CPU.ActiveCfg = Release|Any CPU
		{C0140D6B-49BA-429A-B0EF-001F50CAB40B}.Release|Any CPU.Build.0 = Release|Any CPU
	EndGlobalSection
	GlobalSection(SolutionProperties) = preSolution
		HideSolutionNode = FALSE
	EndGlobalSection
	GlobalSection(NestedProjects) = preSolution
		{A9C04F7D-F9AE-442F-931B-1AE8F97D271D} = {54E25441-AED2-4838-8B8E-362D6543EECD}
		{C0140D6B-49BA-429A-B0EF-001F50CAB40B} = {54E25441-AED2-4838-8B8E-362D6543EECD}
	EndGlobalSection
EndGlobal
